
Microsoft Visual Studio Solution File, Format Version 12.00
# Visual Studio Version 17
VisualStudioVersion = 17.8.34511.84
MinimumVisualStudioVersion = 10.0.40219.1
Project("{9A19103F-16F7-4668-BE54-9A1E7A4F7556}") = "Aero_Formularios", "Aero_Formularios\Aero_Formularios.csproj", "{C574B98A-07F6-4956-8A37-98DFDC1ED2B0}"
EndProject
Project("{9A19103F-16F7-4668-BE54-9A1E7A4F7556}") = "Biblioteca_de_Clases", "Biblioteca_de_Clases\Biblioteca_de_Clases.csproj", "{D08FA51A-8A10-481C-87D3-5A88B1FBD2A1}"
EndProject
Project("{9A19103F-16F7-4668-BE54-9A1E7A4F7556}") = "Biblioteca_de_Controles", "Biblioteca_de_Controles\Biblioteca_de_Controles.csproj", "{959AC977-9886-41A5-BE05-0516B7590564}"
EndProject
Global
	GlobalSection(SolutionConfigurationPlatforms) = preSolution
		Debug|Any CPU = Debug|Any CPU
		Release|Any CPU = Release|Any CPU
	EndGlobalSection
	GlobalSection(ProjectConfigurationPlatforms) = postSolution
		{C574B98A-07F6-4956-8A37-98DFDC1ED2B0}.Debug|Any CPU.ActiveCfg = Debug|Any CPU
		{C574B98A-07F6-4956-8A37-98DFDC1ED2B0}.Debug|Any CPU.Build.0 = Debug|Any CPU
		{C574B98A-07F6-4956-8A37-98DFDC1ED2B0}.Release|Any CPU.ActiveCfg = Release|Any CPU
		{C574B98A-07F6-4956-8A37-98DFDC1ED2B0}.Release|Any CPU.Build.0 = Release|Any CPU
		{D08FA51A-8A10-481C-87D3-5A88B1FBD2A1}.Debug|Any CPU.ActiveCfg = Debug|Any CPU
		{D08FA51A-8A10-481C-87D3-5A88B1FBD2A1}.Debug|Any CPU.Build.0 = Debug|Any CPU
		{D08FA51A-8A10-481C-87D3-5A88B1FBD2A1}.Release|Any CPU.ActiveCfg = Release|Any CPU
		{D08FA51A-8A10-481C-87D3-5A88B1FBD2A1}.Release|Any CPU.Build.0 = Release|Any CPU
		{959AC977-9886-41A5-BE05-0516B7590564}.Debug|Any CPU.ActiveCfg = Debug|Any CPU
		{959AC977-9886-41A5-BE05-0516B7590564}.Debug|Any CPU.Build.0 = Debug|Any CPU
		{959AC977-9886-41A5-BE05-0516B7590564}.Release|Any CPU.ActiveCfg = Release|Any CPU
		{959AC977-9886-41A5-BE05-0516B7590564}.Release|Any CPU.Build.0 = Release|Any CPU
	EndGlobalSection
	GlobalSection(SolutionProperties) = preSolution
		HideSolutionNode = FALSE
	EndGlobalSection
	GlobalSection(ExtensibilityGlobals) = postSolution
		SolutionGuid = {D72AD05F-4D12-4DFF-BC57-D53A3E07DDD7}
	EndGlobalSection
EndGlobal
