
Microsoft Visual Studio Solution File, Format Version 12.00
# Visual Studio Version 17
VisualStudioVersion = 17.8.34511.84
MinimumVisualStudioVersion = 10.0.40219.1
Project("{FAE04EC0-301F-11D3-BF4B-00C04F79EFBC}") = "Aero_Formularios", "Aero_Formularios\Aero_Formularios.csproj", "{C574B98A-07F6-4956-8A37-98DFDC1ED2B0}"
EndProject
Global
	GlobalSection(SolutionConfigurationPlatforms) = preSolution
		Debug|Any CPU = Debug|Any CPU
		Release|Any CPU = Release|Any CPU
	EndGlobalSection
	GlobalSection(ProjectConfigurationPlatforms) = postSolution
		{C574B98A-07F6-4956-8A37-98DFDC1ED2B0}.Debug|Any CPU.ActiveCfg = Debug|Any CPU
		{C574B98A-07F6-4956-8A37-98DFDC1ED2B0}.Debug|Any CPU.Build.0 = Debug|Any CPU
		{C574B98A-07F6-4956-8A37-98DFDC1ED2B0}.Release|Any CPU.ActiveCfg = Release|Any CPU
		{C574B98A-07F6-4956-8A37-98DFDC1ED2B0}.Release|Any CPU.Build.0 = Release|Any CPU
	EndGlobalSection
	GlobalSection(SolutionProperties) = preSolution
		HideSolutionNode = FALSE
	EndGlobalSection
	GlobalSection(ExtensibilityGlobals) = postSolution
		SolutionGuid = {D72AD05F-4D12-4DFF-BC57-D53A3E07DDD7}
	EndGlobalSection
EndGlobal
